
Microsoft Visual Studio Solution File, Format Version 12.00
# Visual Studio Version 17
VisualStudioVersion = 17.7.34009.444
MinimumVisualStudioVersion = 10.0.40219.1
Project("{FAE04EC0-301F-11D3-BF4B-00C04F79EFBC}") = "Teste_Stage", "Teste_Stage\Teste_Stage.csproj", "{6F343A07-1A6B-497F-8B9A-CDEE52BA03AF}"
EndProject
Global
	GlobalSection(SolutionConfigurationPlatforms) = preSolution
		Debug|Any CPU = Debug|Any CPU
		Release|Any CPU = Release|Any CPU
	EndGlobalSection
	GlobalSection(ProjectConfigurationPlatforms) = postSolution
		{6F343A07-1A6B-497F-8B9A-CDEE52BA03AF}.Debug|Any CPU.ActiveCfg = Debug|Any CPU
		{6F343A07-1A6B-497F-8B9A-CDEE52BA03AF}.Debug|Any CPU.Build.0 = Debug|Any CPU
		{6F343A07-1A6B-497F-8B9A-CDEE52BA03AF}.Release|Any CPU.ActiveCfg = Release|Any CPU
		{6F343A07-1A6B-497F-8B9A-CDEE52BA03AF}.Release|Any CPU.Build.0 = Release|Any CPU
	EndGlobalSection
	GlobalSection(SolutionProperties) = preSolution
		HideSolutionNode = FALSE
	EndGlobalSection
	GlobalSection(ExtensibilityGlobals) = postSolution
		SolutionGuid = {CB695100-00E0-44A2-B1E5-48632D193872}
	EndGlobalSection
EndGlobal
